
Microsoft Visual Studio Solution File, Format Version 12.00
Project("{FAE04EC0-301F-11D3-BF4B-00C04F79EFBC}") = "TodoApp.Web", "TodoApp.Web\TodoApp.Web.csproj", "{B0BD0540-C3F1-47EC-9423-7E4963DD04E2}"
EndProject
Project("{FAE04EC0-301F-11D3-BF4B-00C04F79EFBC}") = "TodoApp.Data", "TodoApp.Data\TodoApp.Data.csproj", "{122DD4DF-3592-471E-AEAD-416AEACEEFB0}"
EndProject
Project("{FAE04EC0-301F-11D3-BF4B-00C04F79EFBC}") = "Todo.App.Model", "Todo.App.Model\Todo.App.Model.csproj", "{7572B7C4-F3FF-4B97-8712-A3431A310F97}"
EndProject
Global
	GlobalSection(SolutionConfigurationPlatforms) = preSolution
		Debug|Any CPU = Debug|Any CPU
		Release|Any CPU = Release|Any CPU
	EndGlobalSection
	GlobalSection(ProjectConfigurationPlatforms) = postSolution
		{B0BD0540-C3F1-47EC-9423-7E4963DD04E2}.Debug|Any CPU.ActiveCfg = Debug|Any CPU
		{B0BD0540-C3F1-47EC-9423-7E4963DD04E2}.Debug|Any CPU.Build.0 = Debug|Any CPU
		{B0BD0540-C3F1-47EC-9423-7E4963DD04E2}.Release|Any CPU.ActiveCfg = Release|Any CPU
		{B0BD0540-C3F1-47EC-9423-7E4963DD04E2}.Release|Any CPU.Build.0 = Release|Any CPU
		{122DD4DF-3592-471E-AEAD-416AEACEEFB0}.Debug|Any CPU.ActiveCfg = Debug|Any CPU
		{122DD4DF-3592-471E-AEAD-416AEACEEFB0}.Debug|Any CPU.Build.0 = Debug|Any CPU
		{122DD4DF-3592-471E-AEAD-416AEACEEFB0}.Release|Any CPU.ActiveCfg = Release|Any CPU
		{122DD4DF-3592-471E-AEAD-416AEACEEFB0}.Release|Any CPU.Build.0 = Release|Any CPU
		{7572B7C4-F3FF-4B97-8712-A3431A310F97}.Debug|Any CPU.ActiveCfg = Debug|Any CPU
		{7572B7C4-F3FF-4B97-8712-A3431A310F97}.Debug|Any CPU.Build.0 = Debug|Any CPU
		{7572B7C4-F3FF-4B97-8712-A3431A310F97}.Release|Any CPU.ActiveCfg = Release|Any CPU
		{7572B7C4-F3FF-4B97-8712-A3431A310F97}.Release|Any CPU.Build.0 = Release|Any CPU
	EndGlobalSection
EndGlobal
